
Microsoft Visual Studio Solution File, Format Version 12.00
# Visual Studio Version 17
VisualStudioVersion = 17.12.35527.113
MinimumVisualStudioVersion = 10.0.40219.1
Project("{FAE04EC0-301F-11D3-BF4B-00C04F79EFBC}") = "Demo", "Demo\Demo.csproj", "{83660795-E33F-44F1-8A61-7AA1EF09BA93}"
EndProject
Project("{FAE04EC0-301F-11D3-BF4B-00C04F79EFBC}") = "ASS05-OOP", "ASS05-OOP\ASS05-OOP.csproj", "{0D6284A7-8F42-4BDF-939F-ED7777F05A0D}"
EndProject
Global
	GlobalSection(SolutionConfigurationPlatforms) = preSolution
		Debug|Any CPU = Debug|Any CPU
		Release|Any CPU = Release|Any CPU
	EndGlobalSection
	GlobalSection(ProjectConfigurationPlatforms) = postSolution
		{83660795-E33F-44F1-8A61-7AA1EF09BA93}.Debug|Any CPU.ActiveCfg = Debug|Any CPU
		{83660795-E33F-44F1-8A61-7AA1EF09BA93}.Debug|Any CPU.Build.0 = Debug|Any CPU
		{83660795-E33F-44F1-8A61-7AA1EF09BA93}.Release|Any CPU.ActiveCfg = Release|Any CPU
		{83660795-E33F-44F1-8A61-7AA1EF09BA93}.Release|Any CPU.Build.0 = Release|Any CPU
		{0D6284A7-8F42-4BDF-939F-ED7777F05A0D}.Debug|Any CPU.ActiveCfg = Debug|Any CPU
		{0D6284A7-8F42-4BDF-939F-ED7777F05A0D}.Debug|Any CPU.Build.0 = Debug|Any CPU
		{0D6284A7-8F42-4BDF-939F-ED7777F05A0D}.Release|Any CPU.ActiveCfg = Release|Any CPU
		{0D6284A7-8F42-4BDF-939F-ED7777F05A0D}.Release|Any CPU.Build.0 = Release|Any CPU
	EndGlobalSection
	GlobalSection(SolutionProperties) = preSolution
		HideSolutionNode = FALSE
	EndGlobalSection
EndGlobal
