
Microsoft Visual Studio Solution File, Format Version 12.00
# Visual Studio Version 17
VisualStudioVersion = 17.12.35527.113
MinimumVisualStudioVersion = 10.0.40219.1
Project("{FAE04EC0-301F-11D3-BF4B-00C04F79EFBC}") = "Demo", "Demo\Demo.csproj", "{D9A5799F-FA04-4646-A5C8-F4B926D5975B}"
EndProject
Project("{FAE04EC0-301F-11D3-BF4B-00C04F79EFBC}") = "ASS04-OOP", "ASS04-OOP\ASS04-OOP.csproj", "{4E35DF53-21A9-4535-BA6A-1557C03295F4}"
EndProject
Global
	GlobalSection(SolutionConfigurationPlatforms) = preSolution
		Debug|Any CPU = Debug|Any CPU
		Release|Any CPU = Release|Any CPU
	EndGlobalSection
	GlobalSection(ProjectConfigurationPlatforms) = postSolution
		{D9A5799F-FA04-4646-A5C8-F4B926D5975B}.Debug|Any CPU.ActiveCfg = Debug|Any CPU
		{D9A5799F-FA04-4646-A5C8-F4B926D5975B}.Debug|Any CPU.Build.0 = Debug|Any CPU
		{D9A5799F-FA04-4646-A5C8-F4B926D5975B}.Release|Any CPU.ActiveCfg = Release|Any CPU
		{D9A5799F-FA04-4646-A5C8-F4B926D5975B}.Release|Any CPU.Build.0 = Release|Any CPU
		{4E35DF53-21A9-4535-BA6A-1557C03295F4}.Debug|Any CPU.ActiveCfg = Debug|Any CPU
		{4E35DF53-21A9-4535-BA6A-1557C03295F4}.Debug|Any CPU.Build.0 = Debug|Any CPU
		{4E35DF53-21A9-4535-BA6A-1557C03295F4}.Release|Any CPU.ActiveCfg = Release|Any CPU
		{4E35DF53-21A9-4535-BA6A-1557C03295F4}.Release|Any CPU.Build.0 = Release|Any CPU
	EndGlobalSection
	GlobalSection(SolutionProperties) = preSolution
		HideSolutionNode = FALSE
	EndGlobalSection
	GlobalSection(ExtensibilityGlobals) = postSolution
		SolutionGuid = {C7A062BD-289F-4EF0-9A03-3CA24B48799E}
	EndGlobalSection
EndGlobal
