
Microsoft Visual Studio Solution File, Format Version 12.00
# Visual Studio Version 17
VisualStudioVersion = 17.14.37111.16
MinimumVisualStudioVersion = 10.0.40219.1
Project("{FAE04EC0-301F-11D3-BF4B-00C04F79EFBC}") = "Demo", "Demo\Demo.csproj", "{B21D5B41-EB60-41DC-877A-47C717840A5B}"
EndProject
Project("{FAE04EC0-301F-11D3-BF4B-00C04F79EFBC}") = "ASS-LINQ", "ASS-LINQ\ASS-LINQ.csproj", "{7B03C236-DE5C-4660-BCF9-D6617087C591}"
EndProject
Global
	GlobalSection(SolutionConfigurationPlatforms) = preSolution
		Debug|Any CPU = Debug|Any CPU
		Release|Any CPU = Release|Any CPU
	EndGlobalSection
	GlobalSection(ProjectConfigurationPlatforms) = postSolution
		{B21D5B41-EB60-41DC-877A-47C717840A5B}.Debug|Any CPU.ActiveCfg = Debug|Any CPU
		{B21D5B41-EB60-41DC-877A-47C717840A5B}.Debug|Any CPU.Build.0 = Debug|Any CPU
		{B21D5B41-EB60-41DC-877A-47C717840A5B}.Release|Any CPU.ActiveCfg = Release|Any CPU
		{B21D5B41-EB60-41DC-877A-47C717840A5B}.Release|Any CPU.Build.0 = Release|Any CPU
		{7B03C236-DE5C-4660-BCF9-D6617087C591}.Debug|Any CPU.ActiveCfg = Debug|Any CPU
		{7B03C236-DE5C-4660-BCF9-D6617087C591}.Debug|Any CPU.Build.0 = Debug|Any CPU
		{7B03C236-DE5C-4660-BCF9-D6617087C591}.Release|Any CPU.ActiveCfg = Release|Any CPU
		{7B03C236-DE5C-4660-BCF9-D6617087C591}.Release|Any CPU.Build.0 = Release|Any CPU
	EndGlobalSection
	GlobalSection(SolutionProperties) = preSolution
		HideSolutionNode = FALSE
	EndGlobalSection
	GlobalSection(ExtensibilityGlobals) = postSolution
		SolutionGuid = {2ED1913E-C20A-43F6-AC1D-09A45231E768}
	EndGlobalSection
EndGlobal
